
Microsoft Visual Studio Solution File, Format Version 12.00
# Visual Studio Version 16
VisualStudioVersion = 16.0.31702.278
MinimumVisualStudioVersion = 10.0.40219.1
Project("{8BC9CEB8-8B4A-11D0-8D11-00A0C91BC942}") = "Conditions", "Conditions\Conditions.vcxproj", "{676E5990-9E06-4319-BD14-0C2C7B35750D}"
EndProject
Project("{8BC9CEB8-8B4A-11D0-8D11-00A0C91BC942}") = "Task 3-1", "Task 3-1\Task 3-1.vcxproj", "{63152E6B-4643-4A6B-A6E5-770FF5173ED2}"
EndProject
Global
	GlobalSection(SolutionConfigurationPlatforms) = preSolution
		Debug|x64 = Debug|x64
		Debug|x86 = Debug|x86
		Release|x64 = Release|x64
		Release|x86 = Release|x86
	EndGlobalSection
	GlobalSection(ProjectConfigurationPlatforms) = postSolution
		{676E5990-9E06-4319-BD14-0C2C7B35750D}.Debug|x64.ActiveCfg = Debug|x64
		{676E5990-9E06-4319-BD14-0C2C7B35750D}.Debug|x64.Build.0 = Debug|x64
		{676E5990-9E06-4319-BD14-0C2C7B35750D}.Debug|x86.ActiveCfg = Debug|Win32
		{676E5990-9E06-4319-BD14-0C2C7B35750D}.Debug|x86.Build.0 = Debug|Win32
		{676E5990-9E06-4319-BD14-0C2C7B35750D}.Release|x64.ActiveCfg = Release|x64
		{676E5990-9E06-4319-BD14-0C2C7B35750D}.Release|x64.Build.0 = Release|x64
		{676E5990-9E06-4319-BD14-0C2C7B35750D}.Release|x86.ActiveCfg = Release|Win32
		{676E5990-9E06-4319-BD14-0C2C7B35750D}.Release|x86.Build.0 = Release|Win32
		{63152E6B-4643-4A6B-A6E5-770FF5173ED2}.Debug|x64.ActiveCfg = Debug|x64
		{63152E6B-4643-4A6B-A6E5-770FF5173ED2}.Debug|x64.Build.0 = Debug|x64
		{63152E6B-4643-4A6B-A6E5-770FF5173ED2}.Debug|x86.ActiveCfg = Debug|Win32
		{63152E6B-4643-4A6B-A6E5-770FF5173ED2}.Debug|x86.Build.0 = Debug|Win32
		{63152E6B-4643-4A6B-A6E5-770FF5173ED2}.Release|x64.ActiveCfg = Release|x64
		{63152E6B-4643-4A6B-A6E5-770FF5173ED2}.Release|x64.Build.0 = Release|x64
		{63152E6B-4643-4A6B-A6E5-770FF5173ED2}.Release|x86.ActiveCfg = Release|Win32
		{63152E6B-4643-4A6B-A6E5-770FF5173ED2}.Release|x86.Build.0 = Release|Win32
	EndGlobalSection
	GlobalSection(SolutionProperties) = preSolution
		HideSolutionNode = FALSE
	EndGlobalSection
	GlobalSection(ExtensibilityGlobals) = postSolution
		SolutionGuid = {58584ACE-5232-4E62-8768-0D0938D3567B}
	EndGlobalSection
EndGlobal
